
Microsoft Visual Studio Solution File, Format Version 12.00
# Visual Studio 2013
VisualStudioVersion = 12.0.21005.1
MinimumVisualStudioVersion = 10.0.40219.1
Project("{2150E333-8FDC-42A3-9474-1A3956D46DE8}") = "基础模块", "基础模块", "{394D94CE-B7E0-469D-990D-C553E454A183}"
EndProject
Project("{2150E333-8FDC-42A3-9474-1A3956D46DE8}") = "应用", "应用", "{E0C990EA-7343-40A6-A713-D0F95EC7FA77}"
EndProject
Project("{2150E333-8FDC-42A3-9474-1A3956D46DE8}") = "立库管理", "立库管理", "{C858B006-553A-44CA-AB53-429147C80C52}"
EndProject
Project("{FAE04EC0-301F-11D3-BF4B-00C04F79EFBC}") = "CommonMoudle", "基础模块\CommonMoudle\CommonMoudle.csproj", "{CB701BEA-1EE0-42FD-9183-C2A0952F11E7}"
EndProject
Project("{FAE04EC0-301F-11D3-BF4B-00C04F79EFBC}") = "WMS_Interface", "立库管理\WMS_Interface\WMS_Interface.csproj", "{2D29F362-7AC3-4A39-A3AD-F0D1E0F4F39F}"
EndProject
Project("{FAE04EC0-301F-11D3-BF4B-00C04F79EFBC}") = "WMS_Kernel", "立库管理\WMS_View\WMS_Kernel.csproj", "{8D74FF49-520C-4F5C-AB93-7C96B8F9C1A2}"
EndProject
Project("{FAE04EC0-301F-11D3-BF4B-00C04F79EFBC}") = "WMS_UserControl", "立库管理\WMS_UserControl\WMS_UserControl.csproj", "{6B773D18-AD44-48E6-963D-682653D9DF0C}"
EndProject
Project("{FAE04EC0-301F-11D3-BF4B-00C04F79EFBC}") = "LicenceManager", "基础模块\LicenceManager\LicenceManager.csproj", "{785AA2AA-CC7E-408B-B61C-2DFB906D1797}"
EndProject
Project("{FAE04EC0-301F-11D3-BF4B-00C04F79EFBC}") = "WMS_Database", "立库管理\WMS_Database\WMS_Database.csproj", "{DA7DE2B7-69A6-45F3-8458-BDA2DA13630A}"
EndProject
Project("{FAE04EC0-301F-11D3-BF4B-00C04F79EFBC}") = "WMS_Service", "立库管理\WMS_Service\WMS_Service.csproj", "{61B2A3B9-C04F-4942-8B06-449177B87217}"
EndProject
Project("{2150E333-8FDC-42A3-9474-1A3956D46DE8}") = "Aoyou", "Aoyou", "{BC8A7E45-D050-4915-BFB7-235C3CC29A5F}"
EndProject
Project("{FAE04EC0-301F-11D3-BF4B-00C04F79EFBC}") = "Aoyou_BusinessDB", "应用\Aoyou\Aoyou_BusinessDB\Aoyou_BusinessDB.csproj", "{2FD120C1-F8C4-4BEE-8B01-3C6B2EE2BB6D}"
EndProject
Project("{FAE04EC0-301F-11D3-BF4B-00C04F79EFBC}") = "Aoyou_Service", "应用\Aoyou\Aoyou_Service\Aoyou_Service.csproj", "{D986AF44-5DE3-40BF-A4DC-28237DEA678C}"
EndProject
Project("{FAE04EC0-301F-11D3-BF4B-00C04F79EFBC}") = "WMS_Main", "应用\Aoyou\WMS_Main\WMS_Main.csproj", "{2577D7C6-BEE1-44BF-89C4-CFC3D2504235}"
EndProject
Project("{FAE04EC0-301F-11D3-BF4B-00C04F79EFBC}") = "WMS_Service_Main", "应用\Aoyou\WMS_Service_Main\WMS_Service_Main.csproj", "{0B3545DA-0AE3-42CE-AFD6-1E6D28BBC6ED}"
EndProject
Project("{2150E333-8FDC-42A3-9474-1A3956D46DE8}") = "JaBeiSi", "JaBeiSi", "{33B3C1A8-5C0F-4C57-8488-7C047EA2EBEF}"
EndProject
Project("{FAE04EC0-301F-11D3-BF4B-00C04F79EFBC}") = "WMS_Main", "应用\JaBeiSi\WMS_Main\WMS_Main.csproj", "{B975E313-A1B1-4487-B82D-74EE543951A0}"
EndProject
Project("{FAE04EC0-301F-11D3-BF4B-00C04F79EFBC}") = "WMS_Service_Main", "应用\JaBeiSi\WMS_Service_Main\WMS_Service_Main.csproj", "{46DFFA9D-F23A-466B-A023-36AE3562811D}"
EndProject
Project("{FAE04EC0-301F-11D3-BF4B-00C04F79EFBC}") = "CreateKey", "基础模块\CreateKey\CreateKey.csproj", "{F87116B4-1B95-408B-8506-709C92F7B650}"
EndProject
Project("{FAE04EC0-301F-11D3-BF4B-00C04F79EFBC}") = "WMS_JBS_Service", "应用\JaBeiSi\WMS_JBS_Service\WMS_JBS_Service.csproj", "{499B0A60-77D3-4E5D-83D5-0CECBB1AB0A8}"
EndProject
Global
	GlobalSection(SolutionConfigurationPlatforms) = preSolution
		Debug|Any CPU = Debug|Any CPU
		Debug|x86 = Debug|x86
		Release|Any CPU = Release|Any CPU
		Release|x86 = Release|x86
	EndGlobalSection
	GlobalSection(ProjectConfigurationPlatforms) = postSolution
		{CB701BEA-1EE0-42FD-9183-C2A0952F11E7}.Debug|Any CPU.ActiveCfg = Debug|Any CPU
		{CB701BEA-1EE0-42FD-9183-C2A0952F11E7}.Debug|Any CPU.Build.0 = Debug|Any CPU
		{CB701BEA-1EE0-42FD-9183-C2A0952F11E7}.Debug|x86.ActiveCfg = Debug|Any CPU
		{CB701BEA-1EE0-42FD-9183-C2A0952F11E7}.Release|Any CPU.ActiveCfg = Release|Any CPU
		{CB701BEA-1EE0-42FD-9183-C2A0952F11E7}.Release|Any CPU.Build.0 = Release|Any CPU
		{CB701BEA-1EE0-42FD-9183-C2A0952F11E7}.Release|x86.ActiveCfg = Release|Any CPU
		{2D29F362-7AC3-4A39-A3AD-F0D1E0F4F39F}.Debug|Any CPU.ActiveCfg = Debug|Any CPU
		{2D29F362-7AC3-4A39-A3AD-F0D1E0F4F39F}.Debug|Any CPU.Build.0 = Debug|Any CPU
		{2D29F362-7AC3-4A39-A3AD-F0D1E0F4F39F}.Debug|x86.ActiveCfg = Debug|Any CPU
		{2D29F362-7AC3-4A39-A3AD-F0D1E0F4F39F}.Release|Any CPU.ActiveCfg = Release|Any CPU
		{2D29F362-7AC3-4A39-A3AD-F0D1E0F4F39F}.Release|Any CPU.Build.0 = Release|Any CPU
		{2D29F362-7AC3-4A39-A3AD-F0D1E0F4F39F}.Release|x86.ActiveCfg = Release|Any CPU
		{8D74FF49-520C-4F5C-AB93-7C96B8F9C1A2}.Debug|Any CPU.ActiveCfg = Debug|Any CPU
		{8D74FF49-520C-4F5C-AB93-7C96B8F9C1A2}.Debug|Any CPU.Build.0 = Debug|Any CPU
		{8D74FF49-520C-4F5C-AB93-7C96B8F9C1A2}.Debug|x86.ActiveCfg = Debug|Any CPU
		{8D74FF49-520C-4F5C-AB93-7C96B8F9C1A2}.Release|Any CPU.ActiveCfg = Release|Any CPU
		{8D74FF49-520C-4F5C-AB93-7C96B8F9C1A2}.Release|Any CPU.Build.0 = Release|Any CPU
		{8D74FF49-520C-4F5C-AB93-7C96B8F9C1A2}.Release|x86.ActiveCfg = Release|Any CPU
		{6B773D18-AD44-48E6-963D-682653D9DF0C}.Debug|Any CPU.ActiveCfg = Debug|Any CPU
		{6B773D18-AD44-48E6-963D-682653D9DF0C}.Debug|Any CPU.Build.0 = Debug|Any CPU
		{6B773D18-AD44-48E6-963D-682653D9DF0C}.Debug|x86.ActiveCfg = Debug|Any CPU
		{6B773D18-AD44-48E6-963D-682653D9DF0C}.Release|Any CPU.ActiveCfg = Release|Any CPU
		{6B773D18-AD44-48E6-963D-682653D9DF0C}.Release|Any CPU.Build.0 = Release|Any CPU
		{6B773D18-AD44-48E6-963D-682653D9DF0C}.Release|x86.ActiveCfg = Release|Any CPU
		{785AA2AA-CC7E-408B-B61C-2DFB906D1797}.Debug|Any CPU.ActiveCfg = Debug|Any CPU
		{785AA2AA-CC7E-408B-B61C-2DFB906D1797}.Debug|Any CPU.Build.0 = Debug|Any CPU
		{785AA2AA-CC7E-408B-B61C-2DFB906D1797}.Debug|x86.ActiveCfg = Debug|x86
		{785AA2AA-CC7E-408B-B61C-2DFB906D1797}.Debug|x86.Build.0 = Debug|x86
		{785AA2AA-CC7E-408B-B61C-2DFB906D1797}.Release|Any CPU.ActiveCfg = Release|Any CPU
		{785AA2AA-CC7E-408B-B61C-2DFB906D1797}.Release|Any CPU.Build.0 = Release|Any CPU
		{785AA2AA-CC7E-408B-B61C-2DFB906D1797}.Release|x86.ActiveCfg = Release|x86
		{785AA2AA-CC7E-408B-B61C-2DFB906D1797}.Release|x86.Build.0 = Release|x86
		{DA7DE2B7-69A6-45F3-8458-BDA2DA13630A}.Debug|Any CPU.ActiveCfg = Debug|Any CPU
		{DA7DE2B7-69A6-45F3-8458-BDA2DA13630A}.Debug|Any CPU.Build.0 = Debug|Any CPU
		{DA7DE2B7-69A6-45F3-8458-BDA2DA13630A}.Debug|x86.ActiveCfg = Debug|Any CPU
		{DA7DE2B7-69A6-45F3-8458-BDA2DA13630A}.Release|Any CPU.ActiveCfg = Release|Any CPU
		{DA7DE2B7-69A6-45F3-8458-BDA2DA13630A}.Release|Any CPU.Build.0 = Release|Any CPU
		{DA7DE2B7-69A6-45F3-8458-BDA2DA13630A}.Release|x86.ActiveCfg = Release|Any CPU
		{61B2A3B9-C04F-4942-8B06-449177B87217}.Debug|Any CPU.ActiveCfg = Debug|Any CPU
		{61B2A3B9-C04F-4942-8B06-449177B87217}.Debug|Any CPU.Build.0 = Debug|Any CPU
		{61B2A3B9-C04F-4942-8B06-449177B87217}.Debug|x86.ActiveCfg = Debug|Any CPU
		{61B2A3B9-C04F-4942-8B06-449177B87217}.Release|Any CPU.ActiveCfg = Release|Any CPU
		{61B2A3B9-C04F-4942-8B06-449177B87217}.Release|Any CPU.Build.0 = Release|Any CPU
		{61B2A3B9-C04F-4942-8B06-449177B87217}.Release|x86.ActiveCfg = Release|Any CPU
		{2FD120C1-F8C4-4BEE-8B01-3C6B2EE2BB6D}.Debug|Any CPU.ActiveCfg = Debug|Any CPU
		{2FD120C1-F8C4-4BEE-8B01-3C6B2EE2BB6D}.Debug|Any CPU.Build.0 = Debug|Any CPU
		{2FD120C1-F8C4-4BEE-8B01-3C6B2EE2BB6D}.Debug|x86.ActiveCfg = Debug|Any CPU
		{2FD120C1-F8C4-4BEE-8B01-3C6B2EE2BB6D}.Release|Any CPU.ActiveCfg = Release|Any CPU
		{2FD120C1-F8C4-4BEE-8B01-3C6B2EE2BB6D}.Release|Any CPU.Build.0 = Release|Any CPU
		{2FD120C1-F8C4-4BEE-8B01-3C6B2EE2BB6D}.Release|x86.ActiveCfg = Release|Any CPU
		{D986AF44-5DE3-40BF-A4DC-28237DEA678C}.Debug|Any CPU.ActiveCfg = Debug|Any CPU
		{D986AF44-5DE3-40BF-A4DC-28237DEA678C}.Debug|Any CPU.Build.0 = Debug|Any CPU
		{D986AF44-5DE3-40BF-A4DC-28237DEA678C}.Debug|x86.ActiveCfg = Debug|Any CPU
		{D986AF44-5DE3-40BF-A4DC-28237DEA678C}.Release|Any CPU.ActiveCfg = Release|Any CPU
		{D986AF44-5DE3-40BF-A4DC-28237DEA678C}.Release|Any CPU.Build.0 = Release|Any CPU
		{D986AF44-5DE3-40BF-A4DC-28237DEA678C}.Release|x86.ActiveCfg = Release|Any CPU
		{2577D7C6-BEE1-44BF-89C4-CFC3D2504235}.Debug|Any CPU.ActiveCfg = Debug|Any CPU
		{2577D7C6-BEE1-44BF-89C4-CFC3D2504235}.Debug|Any CPU.Build.0 = Debug|Any CPU
		{2577D7C6-BEE1-44BF-89C4-CFC3D2504235}.Debug|x86.ActiveCfg = Debug|Any CPU
		{2577D7C6-BEE1-44BF-89C4-CFC3D2504235}.Release|Any CPU.ActiveCfg = Release|Any CPU
		{2577D7C6-BEE1-44BF-89C4-CFC3D2504235}.Release|Any CPU.Build.0 = Release|Any CPU
		{2577D7C6-BEE1-44BF-89C4-CFC3D2504235}.Release|x86.ActiveCfg = Release|Any CPU
		{0B3545DA-0AE3-42CE-AFD6-1E6D28BBC6ED}.Debug|Any CPU.ActiveCfg = Debug|Any CPU
		{0B3545DA-0AE3-42CE-AFD6-1E6D28BBC6ED}.Debug|Any CPU.Build.0 = Debug|Any CPU
		{0B3545DA-0AE3-42CE-AFD6-1E6D28BBC6ED}.Debug|x86.ActiveCfg = Debug|Any CPU
		{0B3545DA-0AE3-42CE-AFD6-1E6D28BBC6ED}.Release|Any CPU.ActiveCfg = Release|Any CPU
		{0B3545DA-0AE3-42CE-AFD6-1E6D28BBC6ED}.Release|Any CPU.Build.0 = Release|Any CPU
		{0B3545DA-0AE3-42CE-AFD6-1E6D28BBC6ED}.Release|x86.ActiveCfg = Release|Any CPU
		{B975E313-A1B1-4487-B82D-74EE543951A0}.Debug|Any CPU.ActiveCfg = Debug|Any CPU
		{B975E313-A1B1-4487-B82D-74EE543951A0}.Debug|Any CPU.Build.0 = Debug|Any CPU
		{B975E313-A1B1-4487-B82D-74EE543951A0}.Debug|x86.ActiveCfg = Debug|Any CPU
		{B975E313-A1B1-4487-B82D-74EE543951A0}.Release|Any CPU.ActiveCfg = Release|Any CPU
		{B975E313-A1B1-4487-B82D-74EE543951A0}.Release|Any CPU.Build.0 = Release|Any CPU
		{B975E313-A1B1-4487-B82D-74EE543951A0}.Release|x86.ActiveCfg = Release|Any CPU
		{46DFFA9D-F23A-466B-A023-36AE3562811D}.Debug|Any CPU.ActiveCfg = Debug|Any CPU
		{46DFFA9D-F23A-466B-A023-36AE3562811D}.Debug|Any CPU.Build.0 = Debug|Any CPU
		{46DFFA9D-F23A-466B-A023-36AE3562811D}.Debug|x86.ActiveCfg = Debug|Any CPU
		{46DFFA9D-F23A-466B-A023-36AE3562811D}.Release|Any CPU.ActiveCfg = Release|Any CPU
		{46DFFA9D-F23A-466B-A023-36AE3562811D}.Release|Any CPU.Build.0 = Release|Any CPU
		{46DFFA9D-F23A-466B-A023-36AE3562811D}.Release|x86.ActiveCfg = Release|Any CPU
		{F87116B4-1B95-408B-8506-709C92F7B650}.Debug|Any CPU.ActiveCfg = Debug|Any CPU
		{F87116B4-1B95-408B-8506-709C92F7B650}.Debug|Any CPU.Build.0 = Debug|Any CPU
		{F87116B4-1B95-408B-8506-709C92F7B650}.Debug|x86.ActiveCfg = Debug|x86
		{F87116B4-1B95-408B-8506-709C92F7B650}.Debug|x86.Build.0 = Debug|x86
		{F87116B4-1B95-408B-8506-709C92F7B650}.Release|Any CPU.ActiveCfg = Release|Any CPU
		{F87116B4-1B95-408B-8506-709C92F7B650}.Release|Any CPU.Build.0 = Release|Any CPU
		{F87116B4-1B95-408B-8506-709C92F7B650}.Release|x86.ActiveCfg = Release|x86
		{F87116B4-1B95-408B-8506-709C92F7B650}.Release|x86.Build.0 = Release|x86
		{499B0A60-77D3-4E5D-83D5-0CECBB1AB0A8}.Debug|Any CPU.ActiveCfg = Debug|Any CPU
		{499B0A60-77D3-4E5D-83D5-0CECBB1AB0A8}.Debug|Any CPU.Build.0 = Debug|Any CPU
		{499B0A60-77D3-4E5D-83D5-0CECBB1AB0A8}.Debug|x86.ActiveCfg = Debug|Any CPU
		{499B0A60-77D3-4E5D-83D5-0CECBB1AB0A8}.Release|Any CPU.ActiveCfg = Release|Any CPU
		{499B0A60-77D3-4E5D-83D5-0CECBB1AB0A8}.Release|Any CPU.Build.0 = Release|Any CPU
		{499B0A60-77D3-4E5D-83D5-0CECBB1AB0A8}.Release|x86.ActiveCfg = Release|Any CPU
	EndGlobalSection
	GlobalSection(SolutionProperties) = preSolution
		HideSolutionNode = FALSE
	EndGlobalSection
	GlobalSection(NestedProjects) = preSolution
		{CB701BEA-1EE0-42FD-9183-C2A0952F11E7} = {394D94CE-B7E0-469D-990D-C553E454A183}
		{785AA2AA-CC7E-408B-B61C-2DFB906D1797} = {394D94CE-B7E0-469D-990D-C553E454A183}
		{F87116B4-1B95-408B-8506-709C92F7B650} = {394D94CE-B7E0-469D-990D-C553E454A183}
		{BC8A7E45-D050-4915-BFB7-235C3CC29A5F} = {E0C990EA-7343-40A6-A713-D0F95EC7FA77}
		{33B3C1A8-5C0F-4C57-8488-7C047EA2EBEF} = {E0C990EA-7343-40A6-A713-D0F95EC7FA77}
		{2D29F362-7AC3-4A39-A3AD-F0D1E0F4F39F} = {C858B006-553A-44CA-AB53-429147C80C52}
		{8D74FF49-520C-4F5C-AB93-7C96B8F9C1A2} = {C858B006-553A-44CA-AB53-429147C80C52}
		{6B773D18-AD44-48E6-963D-682653D9DF0C} = {C858B006-553A-44CA-AB53-429147C80C52}
		{DA7DE2B7-69A6-45F3-8458-BDA2DA13630A} = {C858B006-553A-44CA-AB53-429147C80C52}
		{61B2A3B9-C04F-4942-8B06-449177B87217} = {C858B006-553A-44CA-AB53-429147C80C52}
		{2FD120C1-F8C4-4BEE-8B01-3C6B2EE2BB6D} = {BC8A7E45-D050-4915-BFB7-235C3CC29A5F}
		{D986AF44-5DE3-40BF-A4DC-28237DEA678C} = {BC8A7E45-D050-4915-BFB7-235C3CC29A5F}
		{2577D7C6-BEE1-44BF-89C4-CFC3D2504235} = {BC8A7E45-D050-4915-BFB7-235C3CC29A5F}
		{0B3545DA-0AE3-42CE-AFD6-1E6D28BBC6ED} = {BC8A7E45-D050-4915-BFB7-235C3CC29A5F}
		{B975E313-A1B1-4487-B82D-74EE543951A0} = {33B3C1A8-5C0F-4C57-8488-7C047EA2EBEF}
		{46DFFA9D-F23A-466B-A023-36AE3562811D} = {33B3C1A8-5C0F-4C57-8488-7C047EA2EBEF}
		{499B0A60-77D3-4E5D-83D5-0CECBB1AB0A8} = {33B3C1A8-5C0F-4C57-8488-7C047EA2EBEF}
	EndGlobalSection
EndGlobal
